
Microsoft Visual Studio Solution File, Format Version 12.00
# Visual Studio Version 16
VisualStudioVersion = 16.0.32228.343
MinimumVisualStudioVersion = 10.0.40219.1
Project("{FAE04EC0-301F-11D3-BF4B-00C04F79EFBC}") = "TaxCalculatorMobile.Android", "TaxCalculatorMobile\TaxCalculatorMobile.Android\TaxCalculatorMobile.Android.csproj", "{102C8DC9-CF8C-4F2A-AB19-41A12BA0BE8F}"
EndProject
Project("{FAE04EC0-301F-11D3-BF4B-00C04F79EFBC}") = "TaxCalculatorMobile.iOS", "TaxCalculatorMobile\TaxCalculatorMobile.iOS\TaxCalculatorMobile.iOS.csproj", "{D1023C09-03BB-4CAA-8BEA-28D38EB99F58}"
EndProject
Project("{9A19103F-16F7-4668-BE54-9A1E7A4F7556}") = "TaxCalculatorMobile", "TaxCalculatorMobile\TaxCalculatorMobile\TaxCalculatorMobile.csproj", "{D3DB1BBF-9372-4755-BCF1-20F297DC5CBB}"
EndProject
Project("{2150E333-8FDC-42A3-9474-1A3956D46DE8}") = "Tests", "Tests", "{92430D60-6D5E-4629-BB94-A236CAA8FB06}"
EndProject
Project("{9A19103F-16F7-4668-BE54-9A1E7A4F7556}") = "TaxCalculator.UnitTests", "UnitTests\TaxCalculator.UnitTests.csproj", "{02BE9D50-28B2-462E-91DD-84F037D3BF74}"
EndProject
Project("{9A19103F-16F7-4668-BE54-9A1E7A4F7556}") = "TaxCalculator.Common", "TaxCalculator.Common\TaxCalculator.Common.csproj", "{BE4DA998-39A3-493D-86CF-79AC626A2D08}"
EndProject
Project("{9A19103F-16F7-4668-BE54-9A1E7A4F7556}") = "TaxCalculator.Calculators", "TaxCalculator.Calculators\TaxCalculator.Calculators.csproj", "{9213A87C-22F2-4462-B209-D8C8693C2123}"
EndProject
Global
	GlobalSection(SolutionConfigurationPlatforms) = preSolution
		Debug|Any CPU = Debug|Any CPU
		Debug|iPhone = Debug|iPhone
		Debug|iPhoneSimulator = Debug|iPhoneSimulator
		Release|Any CPU = Release|Any CPU
		Release|iPhone = Release|iPhone
		Release|iPhoneSimulator = Release|iPhoneSimulator
	EndGlobalSection
	GlobalSection(ProjectConfigurationPlatforms) = postSolution
		{102C8DC9-CF8C-4F2A-AB19-41A12BA0BE8F}.Debug|Any CPU.ActiveCfg = Debug|Any CPU
		{102C8DC9-CF8C-4F2A-AB19-41A12BA0BE8F}.Debug|Any CPU.Build.0 = Debug|Any CPU
		{102C8DC9-CF8C-4F2A-AB19-41A12BA0BE8F}.Debug|Any CPU.Deploy.0 = Debug|Any CPU
		{102C8DC9-CF8C-4F2A-AB19-41A12BA0BE8F}.Debug|iPhone.ActiveCfg = Debug|Any CPU
		{102C8DC9-CF8C-4F2A-AB19-41A12BA0BE8F}.Debug|iPhone.Build.0 = Debug|Any CPU
		{102C8DC9-CF8C-4F2A-AB19-41A12BA0BE8F}.Debug|iPhone.Deploy.0 = Debug|Any CPU
		{102C8DC9-CF8C-4F2A-AB19-41A12BA0BE8F}.Debug|iPhoneSimulator.ActiveCfg = Debug|Any CPU
		{102C8DC9-CF8C-4F2A-AB19-41A12BA0BE8F}.Debug|iPhoneSimulator.Build.0 = Debug|Any CPU
		{102C8DC9-CF8C-4F2A-AB19-41A12BA0BE8F}.Debug|iPhoneSimulator.Deploy.0 = Debug|Any CPU
		{102C8DC9-CF8C-4F2A-AB19-41A12BA0BE8F}.Release|Any CPU.ActiveCfg = Release|Any CPU
		{102C8DC9-CF8C-4F2A-AB19-41A12BA0BE8F}.Release|Any CPU.Build.0 = Release|Any CPU
		{102C8DC9-CF8C-4F2A-AB19-41A12BA0BE8F}.Release|Any CPU.Deploy.0 = Release|Any CPU
		{102C8DC9-CF8C-4F2A-AB19-41A12BA0BE8F}.Release|iPhone.ActiveCfg = Release|Any CPU
		{102C8DC9-CF8C-4F2A-AB19-41A12BA0BE8F}.Release|iPhone.Build.0 = Release|Any CPU
		{102C8DC9-CF8C-4F2A-AB19-41A12BA0BE8F}.Release|iPhone.Deploy.0 = Release|Any CPU
		{102C8DC9-CF8C-4F2A-AB19-41A12BA0BE8F}.Release|iPhoneSimulator.ActiveCfg = Release|Any CPU
		{102C8DC9-CF8C-4F2A-AB19-41A12BA0BE8F}.Release|iPhoneSimulator.Build.0 = Release|Any CPU
		{102C8DC9-CF8C-4F2A-AB19-41A12BA0BE8F}.Release|iPhoneSimulator.Deploy.0 = Release|Any CPU
		{D1023C09-03BB-4CAA-8BEA-28D38EB99F58}.Debug|Any CPU.ActiveCfg = Debug|iPhone
		{D1023C09-03BB-4CAA-8BEA-28D38EB99F58}.Debug|Any CPU.Build.0 = Debug|iPhone
		{D1023C09-03BB-4CAA-8BEA-28D38EB99F58}.Debug|Any CPU.Deploy.0 = Debug|iPhone
		{D1023C09-03BB-4CAA-8BEA-28D38EB99F58}.Debug|iPhone.ActiveCfg = Debug|iPhone
		{D1023C09-03BB-4CAA-8BEA-28D38EB99F58}.Debug|iPhone.Build.0 = Debug|iPhone
		{D1023C09-03BB-4CAA-8BEA-28D38EB99F58}.Debug|iPhone.Deploy.0 = Debug|iPhone
		{D1023C09-03BB-4CAA-8BEA-28D38EB99F58}.Debug|iPhoneSimulator.ActiveCfg = Debug|iPhoneSimulator
		{D1023C09-03BB-4CAA-8BEA-28D38EB99F58}.Debug|iPhoneSimulator.Build.0 = Debug|iPhoneSimulator
		{D1023C09-03BB-4CAA-8BEA-28D38EB99F58}.Debug|iPhoneSimulator.Deploy.0 = Debug|iPhoneSimulator
		{D1023C09-03BB-4CAA-8BEA-28D38EB99F58}.Release|Any CPU.ActiveCfg = Release|iPhoneSimulator
		{D1023C09-03BB-4CAA-8BEA-28D38EB99F58}.Release|Any CPU.Build.0 = Release|iPhoneSimulator
		{D1023C09-03BB-4CAA-8BEA-28D38EB99F58}.Release|Any CPU.Deploy.0 = Release|iPhoneSimulator
		{D1023C09-03BB-4CAA-8BEA-28D38EB99F58}.Release|iPhone.ActiveCfg = Release|iPhone
		{D1023C09-03BB-4CAA-8BEA-28D38EB99F58}.Release|iPhone.Build.0 = Release|iPhone
		{D1023C09-03BB-4CAA-8BEA-28D38EB99F58}.Release|iPhone.Deploy.0 = Release|iPhone
		{D1023C09-03BB-4CAA-8BEA-28D38EB99F58}.Release|iPhoneSimulator.ActiveCfg = Release|iPhoneSimulator
		{D1023C09-03BB-4CAA-8BEA-28D38EB99F58}.Release|iPhoneSimulator.Build.0 = Release|iPhoneSimulator
		{D1023C09-03BB-4CAA-8BEA-28D38EB99F58}.Release|iPhoneSimulator.Deploy.0 = Release|iPhoneSimulator
		{D3DB1BBF-9372-4755-BCF1-20F297DC5CBB}.Debug|Any CPU.ActiveCfg = Debug|Any CPU
		{D3DB1BBF-9372-4755-BCF1-20F297DC5CBB}.Debug|Any CPU.Build.0 = Debug|Any CPU
		{D3DB1BBF-9372-4755-BCF1-20F297DC5CBB}.Debug|Any CPU.Deploy.0 = Debug|Any CPU
		{D3DB1BBF-9372-4755-BCF1-20F297DC5CBB}.Debug|iPhone.ActiveCfg = Debug|Any CPU
		{D3DB1BBF-9372-4755-BCF1-20F297DC5CBB}.Debug|iPhone.Build.0 = Debug|Any CPU
		{D3DB1BBF-9372-4755-BCF1-20F297DC5CBB}.Debug|iPhone.Deploy.0 = Debug|Any CPU
		{D3DB1BBF-9372-4755-BCF1-20F297DC5CBB}.Debug|iPhoneSimulator.ActiveCfg = Debug|Any CPU
		{D3DB1BBF-9372-4755-BCF1-20F297DC5CBB}.Debug|iPhoneSimulator.Build.0 = Debug|Any CPU
		{D3DB1BBF-9372-4755-BCF1-20F297DC5CBB}.Debug|iPhoneSimulator.Deploy.0 = Debug|Any CPU
		{D3DB1BBF-9372-4755-BCF1-20F297DC5CBB}.Release|Any CPU.ActiveCfg = Release|Any CPU
		{D3DB1BBF-9372-4755-BCF1-20F297DC5CBB}.Release|Any CPU.Build.0 = Release|Any CPU
		{D3DB1BBF-9372-4755-BCF1-20F297DC5CBB}.Release|Any CPU.Deploy.0 = Release|Any CPU
		{D3DB1BBF-9372-4755-BCF1-20F297DC5CBB}.Release|iPhone.ActiveCfg = Release|Any CPU
		{D3DB1BBF-9372-4755-BCF1-20F297DC5CBB}.Release|iPhone.Build.0 = Release|Any CPU
		{D3DB1BBF-9372-4755-BCF1-20F297DC5CBB}.Release|iPhone.Deploy.0 = Release|Any CPU
		{D3DB1BBF-9372-4755-BCF1-20F297DC5CBB}.Release|iPhoneSimulator.ActiveCfg = Release|Any CPU
		{D3DB1BBF-9372-4755-BCF1-20F297DC5CBB}.Release|iPhoneSimulator.Build.0 = Release|Any CPU
		{D3DB1BBF-9372-4755-BCF1-20F297DC5CBB}.Release|iPhoneSimulator.Deploy.0 = Release|Any CPU
		{02BE9D50-28B2-462E-91DD-84F037D3BF74}.Debug|Any CPU.ActiveCfg = Debug|Any CPU
		{02BE9D50-28B2-462E-91DD-84F037D3BF74}.Debug|Any CPU.Build.0 = Debug|Any CPU
		{02BE9D50-28B2-462E-91DD-84F037D3BF74}.Debug|iPhone.ActiveCfg = Debug|Any CPU
		{02BE9D50-28B2-462E-91DD-84F037D3BF74}.Debug|iPhone.Build.0 = Debug|Any CPU
		{02BE9D50-28B2-462E-91DD-84F037D3BF74}.Debug|iPhoneSimulator.ActiveCfg = Debug|Any CPU
		{02BE9D50-28B2-462E-91DD-84F037D3BF74}.Debug|iPhoneSimulator.Build.0 = Debug|Any CPU
		{02BE9D50-28B2-462E-91DD-84F037D3BF74}.Release|Any CPU.ActiveCfg = Release|Any CPU
		{02BE9D50-28B2-462E-91DD-84F037D3BF74}.Release|Any CPU.Build.0 = Release|Any CPU
		{02BE9D50-28B2-462E-91DD-84F037D3BF74}.Release|iPhone.ActiveCfg = Release|Any CPU
		{02BE9D50-28B2-462E-91DD-84F037D3BF74}.Release|iPhone.Build.0 = Release|Any CPU
		{02BE9D50-28B2-462E-91DD-84F037D3BF74}.Release|iPhoneSimulator.ActiveCfg = Release|Any CPU
		{02BE9D50-28B2-462E-91DD-84F037D3BF74}.Release|iPhoneSimulator.Build.0 = Release|Any CPU
		{BE4DA998-39A3-493D-86CF-79AC626A2D08}.Debug|Any CPU.ActiveCfg = Debug|Any CPU
		{BE4DA998-39A3-493D-86CF-79AC626A2D08}.Debug|Any CPU.Build.0 = Debug|Any CPU
		{BE4DA998-39A3-493D-86CF-79AC626A2D08}.Debug|iPhone.ActiveCfg = Debug|Any CPU
		{BE4DA998-39A3-493D-86CF-79AC626A2D08}.Debug|iPhone.Build.0 = Debug|Any CPU
		{BE4DA998-39A3-493D-86CF-79AC626A2D08}.Debug|iPhoneSimulator.ActiveCfg = Debug|Any CPU
		{BE4DA998-39A3-493D-86CF-79AC626A2D08}.Debug|iPhoneSimulator.Build.0 = Debug|Any CPU
		{BE4DA998-39A3-493D-86CF-79AC626A2D08}.Release|Any CPU.ActiveCfg = Release|Any CPU
		{BE4DA998-39A3-493D-86CF-79AC626A2D08}.Release|Any CPU.Build.0 = Release|Any CPU
		{BE4DA998-39A3-493D-86CF-79AC626A2D08}.Release|iPhone.ActiveCfg = Release|Any CPU
		{BE4DA998-39A3-493D-86CF-79AC626A2D08}.Release|iPhone.Build.0 = Release|Any CPU
		{BE4DA998-39A3-493D-86CF-79AC626A2D08}.Release|iPhoneSimulator.ActiveCfg = Release|Any CPU
		{BE4DA998-39A3-493D-86CF-79AC626A2D08}.Release|iPhoneSimulator.Build.0 = Release|Any CPU
		{9213A87C-22F2-4462-B209-D8C8693C2123}.Debug|Any CPU.ActiveCfg = Debug|Any CPU
		{9213A87C-22F2-4462-B209-D8C8693C2123}.Debug|Any CPU.Build.0 = Debug|Any CPU
		{9213A87C-22F2-4462-B209-D8C8693C2123}.Debug|iPhone.ActiveCfg = Debug|Any CPU
		{9213A87C-22F2-4462-B209-D8C8693C2123}.Debug|iPhone.Build.0 = Debug|Any CPU
		{9213A87C-22F2-4462-B209-D8C8693C2123}.Debug|iPhoneSimulator.ActiveCfg = Debug|Any CPU
		{9213A87C-22F2-4462-B209-D8C8693C2123}.Debug|iPhoneSimulator.Build.0 = Debug|Any CPU
		{9213A87C-22F2-4462-B209-D8C8693C2123}.Release|Any CPU.ActiveCfg = Release|Any CPU
		{9213A87C-22F2-4462-B209-D8C8693C2123}.Release|Any CPU.Build.0 = Release|Any CPU
		{9213A87C-22F2-4462-B209-D8C8693C2123}.Release|iPhone.ActiveCfg = Release|Any CPU
		{9213A87C-22F2-4462-B209-D8C8693C2123}.Release|iPhone.Build.0 = Release|Any CPU
		{9213A87C-22F2-4462-B209-D8C8693C2123}.Release|iPhoneSimulator.ActiveCfg = Release|Any CPU
		{9213A87C-22F2-4462-B209-D8C8693C2123}.Release|iPhoneSimulator.Build.0 = Release|Any CPU
	EndGlobalSection
	GlobalSection(SolutionProperties) = preSolution
		HideSolutionNode = FALSE
	EndGlobalSection
	GlobalSection(NestedProjects) = preSolution
		{02BE9D50-28B2-462E-91DD-84F037D3BF74} = {92430D60-6D5E-4629-BB94-A236CAA8FB06}
	EndGlobalSection
	GlobalSection(ExtensibilityGlobals) = postSolution
		SolutionGuid = {48529B8D-39C9-4B43-966D-29BA111622F6}
	EndGlobalSection
EndGlobal
